
Microsoft Visual Studio Solution File, Format Version 10.00
# Visual Studio 2008
Project("{8BC9CEB8-8B4A-11D0-8D11-00A0C91BC942}") = "DuiDemo_2008", "simples\DuiDemo\DuiDemo_2008.vcproj", "{999C70FB-5D9F-4A98-A3E1-BBAFC044230D}"
EndProject
Project("{8BC9CEB8-8B4A-11D0-8D11-00A0C91BC942}") = "QQDemo_2008", "simples\QQDemo\QQDemo_2008.vcproj", "{9BF67AEF-041B-4DCC-BDCE-18C25358A126}"
EndProject
Project("{8BC9CEB8-8B4A-11D0-8D11-00A0C91BC942}") = "GameDemo_2008", "simples\GameDemo\GameDemo_2008.vcproj", "{2E8DA1E5-B60C-4A11-B037-61EF854E6EB0}"
EndProject
Global
	GlobalSection(SolutionConfigurationPlatforms) = preSolution
		Debug|Win32 = Debug|Win32
		Release|Win32 = Release|Win32
	EndGlobalSection
	GlobalSection(ProjectConfigurationPlatforms) = postSolution
		{999C70FB-5D9F-4A98-A3E1-BBAFC044230D}.Debug|Win32.ActiveCfg = Debug|Win32
		{999C70FB-5D9F-4A98-A3E1-BBAFC044230D}.Debug|Win32.Build.0 = Debug|Win32
		{999C70FB-5D9F-4A98-A3E1-BBAFC044230D}.Release|Win32.ActiveCfg = Release|Win32
		{999C70FB-5D9F-4A98-A3E1-BBAFC044230D}.Release|Win32.Build.0 = Release|Win32
		{9BF67AEF-041B-4DCC-BDCE-18C25358A126}.Debug|Win32.ActiveCfg = Debug|Win32
		{9BF67AEF-041B-4DCC-BDCE-18C25358A126}.Debug|Win32.Build.0 = Debug|Win32
		{9BF67AEF-041B-4DCC-BDCE-18C25358A126}.Release|Win32.ActiveCfg = Release|Win32
		{9BF67AEF-041B-4DCC-BDCE-18C25358A126}.Release|Win32.Build.0 = Release|Win32
		{2E8DA1E5-B60C-4A11-B037-61EF854E6EB0}.Debug|Win32.ActiveCfg = Debug|Win32
		{2E8DA1E5-B60C-4A11-B037-61EF854E6EB0}.Debug|Win32.Build.0 = Debug|Win32
		{2E8DA1E5-B60C-4A11-B037-61EF854E6EB0}.Release|Win32.ActiveCfg = Release|Win32
		{2E8DA1E5-B60C-4A11-B037-61EF854E6EB0}.Release|Win32.Build.0 = Release|Win32
	EndGlobalSection
	GlobalSection(SolutionProperties) = preSolution
		HideSolutionNode = FALSE
	EndGlobalSection
EndGlobal
